
Microsoft Visual Studio Solution File, Format Version 12.00
# Visual Studio Version 17
VisualStudioVersion = 17.10.35027.167
MinimumVisualStudioVersion = 10.0.40219.1
Project("{FAE04EC0-301F-11D3-BF4B-00C04F79EFBC}") = "MauiEjemploAPI", "MauiEjemploAPI.csproj", "{F7FE2D9B-6908-43AC-9A21-A0FF0C099ED6}"
EndProject
Global
	GlobalSection(SolutionConfigurationPlatforms) = preSolution
		Debug|Any CPU = Debug|Any CPU
		Release|Any CPU = Release|Any CPU
	EndGlobalSection
	GlobalSection(ProjectConfigurationPlatforms) = postSolution
		{F7FE2D9B-6908-43AC-9A21-A0FF0C099ED6}.Debug|Any CPU.ActiveCfg = Debug|Any CPU
		{F7FE2D9B-6908-43AC-9A21-A0FF0C099ED6}.Debug|Any CPU.Build.0 = Debug|Any CPU
		{F7FE2D9B-6908-43AC-9A21-A0FF0C099ED6}.Debug|Any CPU.Deploy.0 = Debug|Any CPU
		{F7FE2D9B-6908-43AC-9A21-A0FF0C099ED6}.Release|Any CPU.ActiveCfg = Release|Any CPU
		{F7FE2D9B-6908-43AC-9A21-A0FF0C099ED6}.Release|Any CPU.Build.0 = Release|Any CPU
		{F7FE2D9B-6908-43AC-9A21-A0FF0C099ED6}.Release|Any CPU.Deploy.0 = Release|Any CPU
	EndGlobalSection
	GlobalSection(SolutionProperties) = preSolution
		HideSolutionNode = FALSE
	EndGlobalSection
	GlobalSection(ExtensibilityGlobals) = postSolution
		SolutionGuid = {C8A16C30-280F-4F7D-A30D-EDAC2AA0C072}
	EndGlobalSection
EndGlobal
